
Microsoft Visual Studio Solution File, Format Version 12.00
# Visual Studio Version 17
VisualStudioVersion = 17.5.33414.496
MinimumVisualStudioVersion = 10.0.40219.1
Project("{FAE04EC0-301F-11D3-BF4B-00C04F79EFBC}") = "EmpolyeeInfo", "EmpolyeeInfo\EmpolyeeInfo.csproj", "{C11B06A7-CD9D-409C-9FA9-06D744962441}"
EndProject
Global
	GlobalSection(SolutionConfigurationPlatforms) = preSolution
		Debug|Any CPU = Debug|Any CPU
		Release|Any CPU = Release|Any CPU
	EndGlobalSection
	GlobalSection(ProjectConfigurationPlatforms) = postSolution
		{C11B06A7-CD9D-409C-9FA9-06D744962441}.Debug|Any CPU.ActiveCfg = Debug|Any CPU
		{C11B06A7-CD9D-409C-9FA9-06D744962441}.Debug|Any CPU.Build.0 = Debug|Any CPU
		{C11B06A7-CD9D-409C-9FA9-06D744962441}.Release|Any CPU.ActiveCfg = Release|Any CPU
		{C11B06A7-CD9D-409C-9FA9-06D744962441}.Release|Any CPU.Build.0 = Release|Any CPU
	EndGlobalSection
	GlobalSection(SolutionProperties) = preSolution
		HideSolutionNode = FALSE
	EndGlobalSection
	GlobalSection(ExtensibilityGlobals) = postSolution
		SolutionGuid = {A97C20E6-2355-4231-B979-353C2CF2CE7F}
	EndGlobalSection
EndGlobal
